
Microsoft Visual Studio Solution File, Format Version 12.00
# Visual Studio Version 16
VisualStudioVersion = 16.0.30517.126
MinimumVisualStudioVersion = 10.0.40219.1
Project("{9A19103F-16F7-4668-BE54-9A1E7A4F7556}") = "Library", "Library\Library.csproj", "{056E4379-0754-4A1A-83CD-E08D08977D36}"
EndProject
Project("{FAE04EC0-301F-11D3-BF4B-00C04F79EFBC}") = "Library.DAL", "Library.DAL\Library.DAL.csproj", "{86C8F056-3473-4904-9A0E-77DCCF49EF5A}"
EndProject
Project("{FAE04EC0-301F-11D3-BF4B-00C04F79EFBC}") = "Library.Tests", "Library.Tests\Library.Tests.csproj", "{ADFF5F52-DC78-488E-AC6C-E7F7290379A4}"
EndProject
Global
	GlobalSection(SolutionConfigurationPlatforms) = preSolution
		Debug|Any CPU = Debug|Any CPU
		Release|Any CPU = Release|Any CPU
	EndGlobalSection
	GlobalSection(ProjectConfigurationPlatforms) = postSolution
		{056E4379-0754-4A1A-83CD-E08D08977D36}.Debug|Any CPU.ActiveCfg = Debug|Any CPU
		{056E4379-0754-4A1A-83CD-E08D08977D36}.Debug|Any CPU.Build.0 = Debug|Any CPU
		{056E4379-0754-4A1A-83CD-E08D08977D36}.Release|Any CPU.ActiveCfg = Release|Any CPU
		{056E4379-0754-4A1A-83CD-E08D08977D36}.Release|Any CPU.Build.0 = Release|Any CPU
		{86C8F056-3473-4904-9A0E-77DCCF49EF5A}.Debug|Any CPU.ActiveCfg = Debug|Any CPU
		{86C8F056-3473-4904-9A0E-77DCCF49EF5A}.Debug|Any CPU.Build.0 = Debug|Any CPU
		{86C8F056-3473-4904-9A0E-77DCCF49EF5A}.Release|Any CPU.ActiveCfg = Release|Any CPU
		{86C8F056-3473-4904-9A0E-77DCCF49EF5A}.Release|Any CPU.Build.0 = Release|Any CPU
		{ADFF5F52-DC78-488E-AC6C-E7F7290379A4}.Debug|Any CPU.ActiveCfg = Debug|Any CPU
		{ADFF5F52-DC78-488E-AC6C-E7F7290379A4}.Debug|Any CPU.Build.0 = Debug|Any CPU
		{ADFF5F52-DC78-488E-AC6C-E7F7290379A4}.Release|Any CPU.ActiveCfg = Release|Any CPU
		{ADFF5F52-DC78-488E-AC6C-E7F7290379A4}.Release|Any CPU.Build.0 = Release|Any CPU
	EndGlobalSection
	GlobalSection(SolutionProperties) = preSolution
		HideSolutionNode = FALSE
	EndGlobalSection
	GlobalSection(ExtensibilityGlobals) = postSolution
		SolutionGuid = {46822B01-0E04-4D77-B708-D9F64A1C8F03}
	EndGlobalSection
EndGlobal
